<?xml version="1.0" encoding="utf-8"?>
<Project ToolsVersion="4.0" xmlns="http://schemas.microsoft.com/developer/msbuild/2003">
  <ItemGroup>
    <Filter Include="Source Files">
      <UniqueIdentifier>{4FC737F1-C7A5-4376-A066-2A32D752A2FF}</UniqueIdentifier>
      <Extensions>cpp;c;cc;cxx;c++;cppm;ixx;def;odl;idl;hpj;bat;asm;asmx</Extensions>
    </Filter>
    <Filter Include="Header Files">
      <UniqueIdentifier>{93995380-89BD-4b04-88EB-625FBE52EBFB}</UniqueIdentifier>
      <Extensions>h;hh;hpp;hxx;h++;hm;inl;inc;ipp;xsd</Extensions>
    </Filter>
  </ItemGroup>
  <ItemGroup>
    <ClInclude Include="CDialog.h">
      <Filter>Header Files</Filter>
    </ClInclude>
    <ClInclude Include="Control.h">
      <Filter>Header Files</Filter>
    </ClInclude>
    <ClInclude Include="ControlButton.h">
      <Filter>Header Files</Filter>
    </ClInclude>
    <ClInclude Include="ControlCalendar.h">
      <Filter>Header Files</Filter>
    </ClInclude>
    <ClInclude Include="ControlCheckbox.h">
      <Filter>Header Files</Filter>
    </ClInclude>
    <ClInclude Include="ControlCombo.h">
      <Filter>Header Files</Filter>
    </ClInclude>
    <ClInclude Include="ControlComboDB.h">
      <Filter>Header Files</Filter>
    </ClInclude>
    <ClInclude Include="ControlDateTimePicker.h">
      <Filter>Header Files</Filter>
    </ClInclude>
    <ClInclude Include="ControlLabel.h">
      <Filter>Header Files</Filter>
    </ClInclude>
    <ClInclude Include="ControlListview.h">
      <Filter>Header Files</Filter>
    </ClInclude>
    <ClInclude Include="ControlRadio.h">
      <Filter>Header Files</Filter>
    </ClInclude>
    <ClInclude Include="ControlTab.h">
      <Filter>Header Files</Filter>
    </ClInclude>
    <ClInclude Include="ControlTextEdit.h">
      <Filter>Header Files</Filter>
    </ClInclude>
    <ClInclude Include="ControlToolBar.h">
      <Filter>Header Files</Filter>
    </ClInclude>
  </ItemGroup>
  <ItemGroup>
    <ClCompile Include="CDialog.cpp">
      <Filter>Source Files</Filter>
    </ClCompile>
    <ClCompile Include="Control.cpp">
      <Filter>Source Files</Filter>
    </ClCompile>
    <ClCompile Include="ControlButton.cpp">
      <Filter>Source Files</Filter>
    </ClCompile>
    <ClCompile Include="ControlCalendar.cpp">
      <Filter>Source Files</Filter>
    </ClCompile>
    <ClCompile Include="ControlCheckbox.cpp">
      <Filter>Source Files</Filter>
    </ClCompile>
    <ClCompile Include="ControlCombo.cpp">
      <Filter>Source Files</Filter>
    </ClCompile>
    <ClCompile Include="ControlComboDB.cpp">
      <Filter>Source Files</Filter>
    </ClCompile>
    <ClCompile Include="ControlDateTimePicker.cpp">
      <Filter>Source Files</Filter>
    </ClCompile>
    <ClCompile Include="ControlLabel.cpp">
      <Filter>Source Files</Filter>
    </ClCompile>
    <ClCompile Include="ControlListview.cpp">
      <Filter>Source Files</Filter>
    </ClCompile>
    <ClCompile Include="ControlRadio.cpp">
      <Filter>Source Files</Filter>
    </ClCompile>
    <ClCompile Include="ControlTab.cpp">
      <Filter>Source Files</Filter>
    </ClCompile>
    <ClCompile Include="ControlTextEdit.cpp">
      <Filter>Source Files</Filter>
    </ClCompile>
    <ClCompile Include="ControlToolBar.cpp">
      <Filter>Source Files</Filter>
    </ClCompile>
  </ItemGroup>
</Project>